---
lockfileVersion: 1
lockfileVendor: redhat
arches:
- arch: aarch64
  packages:
  - url: https://cdn-ubi.redhat.com/content/public/ubi/dist/ubi9/9/aarch64/appstream/os/Packages/o/openblas-0.3.29-1.el9.aarch64.rpm
    repoid: ubi-9-for-aarch64-appstream-rpms
    size: 43101
    checksum: sha256:36da31a22dd56a05028ff4f0eac750164174f806abb30831840b969cc6bb19c6
    name: openblas
    evr: 0.3.29-1.el9
    sourcerpm: openblas-0.3.29-1.el9.src.rpm
  - url: https://cdn-ubi.redhat.com/content/public/ubi/dist/ubi9/9/aarch64/baseos/os/Packages/b/basesystem-11-13.el9.noarch.rpm
    repoid: ubi-9-for-aarch64-baseos-rpms
    size: 8229
    checksum: sha256:f498b0813fa1a825d550e8e3a9e42255eabfa18e6fc96adfc6cc8fa7e16dd513
    name: basesystem
    evr: 11-13.el9
    sourcerpm: basesystem-11-13.el9.src.rpm
  - url: https://cdn-ubi.redhat.com/content/public/ubi/dist/ubi9/9/aarch64/baseos/os/Packages/b/bash-5.1.8-9.el9.aarch64.rpm
    repoid: ubi-9-for-aarch64-baseos-rpms
    size: 1760045
    checksum: sha256:7dc1febec9c2fb184ed4407f8a188ab267b7e46b3534866f702c6266008ababa
    name: bash
    evr: 5.1.8-9.el9
    sourcerpm: bash-5.1.8-9.el9.src.rpm
  - url: https://cdn-ubi.redhat.com/content/public/ubi/dist/ubi9/9/aarch64/baseos/os/Packages/f/filesystem-3.16-5.el9.aarch64.rpm
    repoid: ubi-9-for-aarch64-baseos-rpms
    size: 5003914
    checksum: sha256:484bc41109c49066cf350344150abe144e63263e0fafa0bf12c5a47f853e6a49
    name: filesystem
    evr: 3.16-5.el9
    sourcerpm: filesystem-3.16-5.el9.src.rpm
  - url: https://cdn-ubi.redhat.com/content/public/ubi/dist/ubi9/9/aarch64/baseos/os/Packages/g/glibc-2.34-231.el9_7.10.aarch64.rpm
    repoid: ubi-9-for-aarch64-baseos-rpms
    size: 1816615
    checksum: sha256:cda08ffeb26cf926087f6aafd98d7c192c9e6f422ea0a33dbccd2c8e71a3feae
    name: glibc
    evr: 2.34-231.el9_7.10
    sourcerpm: glibc-2.34-231.el9_7.10.src.rpm
  - url: https://cdn-ubi.redhat.com/content/public/ubi/dist/ubi9/9/aarch64/baseos/os/Packages/g/glibc-common-2.34-231.el9_7.10.aarch64.rpm
    repoid: ubi-9-for-aarch64-baseos-rpms
    size: 310292
    checksum: sha256:5fba269c9c1713ff7857bc1397e0f629ee6ed76775fcf2c9f3a464891ff0340b
    name: glibc-common
    evr: 2.34-231.el9_7.10
    sourcerpm: glibc-2.34-231.el9_7.10.src.rpm
  - url: https://cdn-ubi.redhat.com/content/public/ubi/dist/ubi9/9/aarch64/baseos/os/Packages/g/glibc-minimal-langpack-2.34-231.el9_7.10.aarch64.rpm
    repoid: ubi-9-for-aarch64-baseos-rpms
    size: 28365
    checksum: sha256:f14adf0f40453c1f504a705f172070cdbc7f64846f3c2f93ac26c361b3a9c77e
    name: glibc-minimal-langpack
    evr: 2.34-231.el9_7.10
    sourcerpm: glibc-2.34-231.el9_7.10.src.rpm
  - url: https://cdn-ubi.redhat.com/content/public/ubi/dist/ubi9/9/aarch64/baseos/os/Packages/l/libgcc-11.5.0-11.el9.aarch64.rpm
    repoid: ubi-9-for-aarch64-baseos-rpms
    size: 80950
    checksum: sha256:5cb9c55a8937208fb20fe4044599f380359e0a8475a1f5cb81b111f23043c23d
    name: libgcc
    evr: 11.5.0-11.el9
    sourcerpm: gcc-11.5.0-11.el9.src.rpm
  - url: https://cdn-ubi.redhat.com/content/public/ubi/dist/ubi9/9/aarch64/baseos/os/Packages/l/libgfortran-11.5.0-11.el9.aarch64.rpm
    repoid: ubi-9-for-aarch64-baseos-rpms
    size: 434762
    checksum: sha256:9ff2665e6364917eae3894fbfdeef236a7484193ac6818ad59b2cb5ea165f731
    name: libgfortran
    evr: 11.5.0-11.el9
    sourcerpm: gcc-11.5.0-11.el9.src.rpm
  - url: https://cdn-ubi.redhat.com/content/public/ubi/dist/ubi9/9/aarch64/baseos/os/Packages/n/ncurses-base-6.2-12.20210508.el9.noarch.rpm
    repoid: ubi-9-for-aarch64-baseos-rpms
    size: 97840
    checksum: sha256:d62dfd41f9688efa2cf1ceedb96084c63e297fbdcfd1e72bc6757c730092b60c
    name: ncurses-base
    evr: 6.2-12.20210508.el9
    sourcerpm: ncurses-6.2-12.20210508.el9.src.rpm
  - url: https://cdn-ubi.redhat.com/content/public/ubi/dist/ubi9/9/aarch64/baseos/os/Packages/n/ncurses-libs-6.2-12.20210508.el9.aarch64.rpm
    repoid: ubi-9-for-aarch64-baseos-rpms
    size: 324624
    checksum: sha256:b5dd452392d2f97bb050c9f5e5376998652c567dcbd8f035d26659b1b551b5c9
    name: ncurses-libs
    evr: 6.2-12.20210508.el9
    sourcerpm: ncurses-6.2-12.20210508.el9.src.rpm
  - url: https://cdn-ubi.redhat.com/content/public/ubi/dist/ubi9/9/aarch64/baseos/os/Packages/r/redhat-release-9.7-0.7.el9.aarch64.rpm
    repoid: ubi-9-for-aarch64-baseos-rpms
    size: 54139
    checksum: sha256:2c182267c4269dd1a11542cc17a261e2a9526fd5b478f2d404bc52842b42aaa3
    name: redhat-release
    evr: 9.7-0.7.el9
    sourcerpm: redhat-release-9.7-0.7.el9.src.rpm
  - url: https://cdn-ubi.redhat.com/content/public/ubi/dist/ubi9/9/aarch64/baseos/os/Packages/s/setup-2.13.7-10.el9.noarch.rpm
    repoid: ubi-9-for-aarch64-baseos-rpms
    size: 153791
    checksum: sha256:0891d395ce067121c28932534237ad1ce231f2bfa987411ad62e73a12d11eb6a
    name: setup
    evr: 2.13.7-10.el9
    sourcerpm: setup-2.13.7-10.el9.src.rpm
  - url: https://cdn-ubi.redhat.com/content/public/ubi/dist/ubi9/9/aarch64/baseos/os/Packages/t/tzdata-2026a-1.el9.noarch.rpm
    repoid: ubi-9-for-aarch64-baseos-rpms
    size: 933237
    checksum: sha256:90bc7252dcef87507a6dc097763894d264544b42c77ce67696192db2bcc8cd07
    name: tzdata
    evr: 2026a-1.el9
    sourcerpm: tzdata-2026a-1.el9.src.rpm
  - url: https://cdn-ubi.redhat.com/content/public/ubi/dist/ubi9/9/aarch64/codeready-builder/os/Packages/o/openblas-threads-0.3.29-1.el9.aarch64.rpm
    repoid: codeready-builder-for-ubi-9-aarch64-rpms
    size: 3825499
    checksum: sha256:bf39666abbcf73859d258ffd63ad9b94f4cac346aa407454e971f527db2f0e76
    name: openblas-threads
    evr: 0.3.29-1.el9
    sourcerpm: openblas-0.3.29-1.el9.src.rpm
  source:
  - url: https://cdn-ubi.redhat.com/content/public/ubi/dist/ubi9/9/aarch64/appstream/source/SRPMS/Packages/o/openblas-0.3.29-1.el9.src.rpm
    repoid: ubi-9-for-aarch64-appstream-source-rpms
    size: 23777279
    checksum: sha256:4a1fd34e0b3bf712dc3810823ec4c57df6806c6110d30d160ffc91face8f80bd
    name: openblas
    evr: 0.3.29-1.el9
  - url: https://cdn-ubi.redhat.com/content/public/ubi/dist/ubi9/9/aarch64/baseos/source/SRPMS/Packages/b/basesystem-11-13.el9.src.rpm
    repoid: ubi-9-for-aarch64-baseos-source-rpms
    size: 9884
    checksum: sha256:5a4ed0779fc06f08115d6e06aa95486f1e1e251f8f9ddb6c7e14e811bb2e24ef
    name: basesystem
    evr: 11-13.el9
  - url: https://cdn-ubi.redhat.com/content/public/ubi/dist/ubi9/9/aarch64/baseos/source/SRPMS/Packages/b/bash-5.1.8-9.el9.src.rpm
    repoid: ubi-9-for-aarch64-baseos-source-rpms
    size: 10512850
    checksum: sha256:5d7bbbf2538361be1a11846602862c3a56809b3ea43b69b86bcf407538e9e260
    name: bash
    evr: 5.1.8-9.el9
  - url: https://cdn-ubi.redhat.com/content/public/ubi/dist/ubi9/9/aarch64/baseos/source/SRPMS/Packages/f/filesystem-3.16-5.el9.src.rpm
    repoid: ubi-9-for-aarch64-baseos-source-rpms
    size: 20486
    checksum: sha256:c795690df30c46e521372e2f649c995a2abc159b76c8ef6cd5da8a713ea17937
    name: filesystem
    evr: 3.16-5.el9
  - url: https://cdn-ubi.redhat.com/content/public/ubi/dist/ubi9/9/aarch64/baseos/source/SRPMS/Packages/g/gcc-11.5.0-11.el9.src.rpm
    repoid: ubi-9-for-aarch64-baseos-source-rpms
    size: 81971986
    checksum: sha256:4ab595dc52e7a66f9cb067e55081e9ba4e2cb577187cf1ac9a2e92e07c295560
    name: gcc
    evr: 11.5.0-11.el9
  - url: https://cdn-ubi.redhat.com/content/public/ubi/dist/ubi9/9/aarch64/baseos/source/SRPMS/Packages/g/glibc-2.34-231.el9_7.10.src.rpm
    repoid: ubi-9-for-aarch64-baseos-source-rpms
    size: 20264991
    checksum: sha256:d91fd4821e3e725d15f7f10d0157d6ea43554d492fce5cb2ea993d0a9f8394ad
    name: glibc
    evr: 2.34-231.el9_7.10
  - url: https://cdn-ubi.redhat.com/content/public/ubi/dist/ubi9/9/aarch64/baseos/source/SRPMS/Packages/n/ncurses-6.2-12.20210508.el9.src.rpm
    repoid: ubi-9-for-aarch64-baseos-source-rpms
    size: 3586993
    checksum: sha256:cdb59ed3771a3a4f00e2ffca853f2de4aa887e3d5c3655317f2e2c03f461103f
    name: ncurses
    evr: 6.2-12.20210508.el9
  - url: https://cdn-ubi.redhat.com/content/public/ubi/dist/ubi9/9/aarch64/baseos/source/SRPMS/Packages/r/redhat-release-9.7-0.7.el9.src.rpm
    repoid: ubi-9-for-aarch64-baseos-source-rpms
    size: 75404
    checksum: sha256:ac6df52dac22d50a33034b4f3f4ca3d96e48def06960b9a84ec2c8f741c08f84
    name: redhat-release
    evr: 9.7-0.7.el9
  - url: https://cdn-ubi.redhat.com/content/public/ubi/dist/ubi9/9/aarch64/baseos/source/SRPMS/Packages/s/setup-2.13.7-10.el9.src.rpm
    repoid: ubi-9-for-aarch64-baseos-source-rpms
    size: 195940
    checksum: sha256:3acdbbd63bd77dd8b18210b9d597bd59ddf455ff728067638c54194ac3a8a32b
    name: setup
    evr: 2.13.7-10.el9
  - url: https://cdn-ubi.redhat.com/content/public/ubi/dist/ubi9/9/aarch64/baseos/source/SRPMS/Packages/t/tzdata-2026a-1.el9.src.rpm
    repoid: ubi-9-for-aarch64-baseos-source-rpms
    size: 926120
    checksum: sha256:ea2ccdcff55d1c69f2a9a1b6eabade4fca1af23703c2baefaa1e3f6b8f74bc1b
    name: tzdata
    evr: 2026a-1.el9
  module_metadata: []
- arch: ppc64le
  packages:
  - url: https://cdn-ubi.redhat.com/content/public/ubi/dist/ubi9/9/ppc64le/appstream/os/Packages/o/openblas-0.3.29-1.el9.ppc64le.rpm
    repoid: ubi-9-for-ppc64le-appstream-rpms
    size: 43121
    checksum: sha256:46d0525be8d2581a2e4cad8d25413171df8b5c504b2b43014a92e49abe081983
    name: openblas
    evr: 0.3.29-1.el9
    sourcerpm: openblas-0.3.29-1.el9.src.rpm
  - url: https://cdn-ubi.redhat.com/content/public/ubi/dist/ubi9/9/ppc64le/baseos/os/Packages/b/basesystem-11-13.el9.noarch.rpm
    repoid: ubi-9-for-ppc64le-baseos-rpms
    size: 8229
    checksum: sha256:f498b0813fa1a825d550e8e3a9e42255eabfa18e6fc96adfc6cc8fa7e16dd513
    name: basesystem
    evr: 11-13.el9
    sourcerpm: basesystem-11-13.el9.src.rpm
  - url: https://cdn-ubi.redhat.com/content/public/ubi/dist/ubi9/9/ppc64le/baseos/os/Packages/b/bash-5.1.8-9.el9.ppc64le.rpm
    repoid: ubi-9-for-ppc64le-baseos-rpms
    size: 1818376
    checksum: sha256:4ea13d08a909851376ff25b706c942eb3b66b0205e980aa4f9176e28ee1bae37
    name: bash
    evr: 5.1.8-9.el9
    sourcerpm: bash-5.1.8-9.el9.src.rpm
  - url: https://cdn-ubi.redhat.com/content/public/ubi/dist/ubi9/9/ppc64le/baseos/os/Packages/f/filesystem-3.16-5.el9.ppc64le.rpm
    repoid: ubi-9-for-ppc64le-baseos-rpms
    size: 5003944
    checksum: sha256:e7d0bd8df20dfb2b499634c34ec966e1bd477a5d15f98373f56089ed0f387aca
    name: filesystem
    evr: 3.16-5.el9
    sourcerpm: filesystem-3.16-5.el9.src.rpm
  - url: https://cdn-ubi.redhat.com/content/public/ubi/dist/ubi9/9/ppc64le/baseos/os/Packages/g/glibc-2.34-231.el9_7.10.ppc64le.rpm
    repoid: ubi-9-for-ppc64le-baseos-rpms
    size: 2885586
    checksum: sha256:e371bfb3702c19ddb1da83593ff09e9752fb907143753efa2a3300d67c5b8fa8
    name: glibc
    evr: 2.34-231.el9_7.10
    sourcerpm: glibc-2.34-231.el9_7.10.src.rpm
  - url: https://cdn-ubi.redhat.com/content/public/ubi/dist/ubi9/9/ppc64le/baseos/os/Packages/g/glibc-common-2.34-231.el9_7.10.ppc64le.rpm
    repoid: ubi-9-for-ppc64le-baseos-rpms
    size: 337047
    checksum: sha256:7b437ae52a5f679cc799e6ac25f52e1a7b8dbdcb5e095d1f5eedc697b25560ca
    name: glibc-common
    evr: 2.34-231.el9_7.10
    sourcerpm: glibc-2.34-231.el9_7.10.src.rpm
  - url: https://cdn-ubi.redhat.com/content/public/ubi/dist/ubi9/9/ppc64le/baseos/os/Packages/g/glibc-minimal-langpack-2.34-231.el9_7.10.ppc64le.rpm
    repoid: ubi-9-for-ppc64le-baseos-rpms
    size: 28381
    checksum: sha256:125b9a17ebe4940a79899e326ced10db04851101e1cc7899e9d0aecc8407d9fd
    name: glibc-minimal-langpack
    evr: 2.34-231.el9_7.10
    sourcerpm: glibc-2.34-231.el9_7.10.src.rpm
  - url: https://cdn-ubi.redhat.com/content/public/ubi/dist/ubi9/9/ppc64le/baseos/os/Packages/l/libgcc-11.5.0-11.el9.ppc64le.rpm
    repoid: ubi-9-for-ppc64le-baseos-rpms
    size: 75746
    checksum: sha256:91ea5d90409c19d054ca5f3d599c43a874f93231e8157d223f2b685867b7e06f
    name: libgcc
    evr: 11.5.0-11.el9
    sourcerpm: gcc-11.5.0-11.el9.src.rpm
  - url: https://cdn-ubi.redhat.com/content/public/ubi/dist/ubi9/9/ppc64le/baseos/os/Packages/l/libgfortran-11.5.0-11.el9.ppc64le.rpm
    repoid: ubi-9-for-ppc64le-baseos-rpms
    size: 517311
    checksum: sha256:368e063c451f83b0a31767b635c1d45dd1237b83625cce741044c5d9d457ad2f
    name: libgfortran
    evr: 11.5.0-11.el9
    sourcerpm: gcc-11.5.0-11.el9.src.rpm
  - url: https://cdn-ubi.redhat.com/content/public/ubi/dist/ubi9/9/ppc64le/baseos/os/Packages/l/libquadmath-11.5.0-11.el9.ppc64le.rpm
    repoid: ubi-9-for-ppc64le-baseos-rpms
    size: 191990
    checksum: sha256:b8ef124c44bdc85735e314de07753462b13919aebdaa686e0239c5f4b5cfb6a8
    name: libquadmath
    evr: 11.5.0-11.el9
    sourcerpm: gcc-11.5.0-11.el9.src.rpm
  - url: https://cdn-ubi.redhat.com/content/public/ubi/dist/ubi9/9/ppc64le/baseos/os/Packages/n/ncurses-base-6.2-12.20210508.el9.noarch.rpm
    repoid: ubi-9-for-ppc64le-baseos-rpms
    size: 97840
    checksum: sha256:d62dfd41f9688efa2cf1ceedb96084c63e297fbdcfd1e72bc6757c730092b60c
    name: ncurses-base
    evr: 6.2-12.20210508.el9
    sourcerpm: ncurses-6.2-12.20210508.el9.src.rpm
  - url: https://cdn-ubi.redhat.com/content/public/ubi/dist/ubi9/9/ppc64le/baseos/os/Packages/n/ncurses-libs-6.2-12.20210508.el9.ppc64le.rpm
    repoid: ubi-9-for-ppc64le-baseos-rpms
    size: 379141
    checksum: sha256:f18294157d19ce7c86c07483b5c1262be4c899dd63b4297e4af15c63b91fd9cf
    name: ncurses-libs
    evr: 6.2-12.20210508.el9
    sourcerpm: ncurses-6.2-12.20210508.el9.src.rpm
  - url: https://cdn-ubi.redhat.com/content/public/ubi/dist/ubi9/9/ppc64le/baseos/os/Packages/r/redhat-release-9.7-0.7.el9.ppc64le.rpm
    repoid: ubi-9-for-ppc64le-baseos-rpms
    size: 54168
    checksum: sha256:d980bbb2550eb9921ac56fee1359ec07961ca6d177ec6e865c4aa466f2fa565d
    name: redhat-release
    evr: 9.7-0.7.el9
    sourcerpm: redhat-release-9.7-0.7.el9.src.rpm
  - url: https://cdn-ubi.redhat.com/content/public/ubi/dist/ubi9/9/ppc64le/baseos/os/Packages/s/setup-2.13.7-10.el9.noarch.rpm
    repoid: ubi-9-for-ppc64le-baseos-rpms
    size: 153791
    checksum: sha256:0891d395ce067121c28932534237ad1ce231f2bfa987411ad62e73a12d11eb6a
    name: setup
    evr: 2.13.7-10.el9
    sourcerpm: setup-2.13.7-10.el9.src.rpm
  - url: https://cdn-ubi.redhat.com/content/public/ubi/dist/ubi9/9/ppc64le/baseos/os/Packages/t/tzdata-2026a-1.el9.noarch.rpm
    repoid: ubi-9-for-ppc64le-baseos-rpms
    size: 933237
    checksum: sha256:90bc7252dcef87507a6dc097763894d264544b42c77ce67696192db2bcc8cd07
    name: tzdata
    evr: 2026a-1.el9
    sourcerpm: tzdata-2026a-1.el9.src.rpm
  - url: https://cdn-ubi.redhat.com/content/public/ubi/dist/ubi9/9/ppc64le/codeready-builder/os/Packages/o/openblas-threads-0.3.29-1.el9.ppc64le.rpm
    repoid: codeready-builder-for-ubi-9-ppc64le-rpms
    size: 4652547
    checksum: sha256:040dd5e1c29140acefd8210cef7027f6479ff397dd1617a503bfb7591265bb3e
    name: openblas-threads
    evr: 0.3.29-1.el9
    sourcerpm: openblas-0.3.29-1.el9.src.rpm
  source:
  - url: https://cdn-ubi.redhat.com/content/public/ubi/dist/ubi9/9/ppc64le/appstream/source/SRPMS/Packages/o/openblas-0.3.29-1.el9.src.rpm
    repoid: ubi-9-for-ppc64le-appstream-source-rpms
    size: 23777279
    checksum: sha256:4a1fd34e0b3bf712dc3810823ec4c57df6806c6110d30d160ffc91face8f80bd
    name: openblas
    evr: 0.3.29-1.el9
  - url: https://cdn-ubi.redhat.com/content/public/ubi/dist/ubi9/9/ppc64le/baseos/source/SRPMS/Packages/b/basesystem-11-13.el9.src.rpm
    repoid: ubi-9-for-ppc64le-baseos-source-rpms
    size: 9884
    checksum: sha256:5a4ed0779fc06f08115d6e06aa95486f1e1e251f8f9ddb6c7e14e811bb2e24ef
    name: basesystem
    evr: 11-13.el9
  - url: https://cdn-ubi.redhat.com/content/public/ubi/dist/ubi9/9/ppc64le/baseos/source/SRPMS/Packages/b/bash-5.1.8-9.el9.src.rpm
    repoid: ubi-9-for-ppc64le-baseos-source-rpms
    size: 10512850
    checksum: sha256:5d7bbbf2538361be1a11846602862c3a56809b3ea43b69b86bcf407538e9e260
    name: bash
    evr: 5.1.8-9.el9
  - url: https://cdn-ubi.redhat.com/content/public/ubi/dist/ubi9/9/ppc64le/baseos/source/SRPMS/Packages/f/filesystem-3.16-5.el9.src.rpm
    repoid: ubi-9-for-ppc64le-baseos-source-rpms
    size: 20486
    checksum: sha256:c795690df30c46e521372e2f649c995a2abc159b76c8ef6cd5da8a713ea17937
    name: filesystem
    evr: 3.16-5.el9
  - url: https://cdn-ubi.redhat.com/content/public/ubi/dist/ubi9/9/ppc64le/baseos/source/SRPMS/Packages/g/gcc-11.5.0-11.el9.src.rpm
    repoid: ubi-9-for-ppc64le-baseos-source-rpms
    size: 81971986
    checksum: sha256:4ab595dc52e7a66f9cb067e55081e9ba4e2cb577187cf1ac9a2e92e07c295560
    name: gcc
    evr: 11.5.0-11.el9
  - url: https://cdn-ubi.redhat.com/content/public/ubi/dist/ubi9/9/ppc64le/baseos/source/SRPMS/Packages/g/glibc-2.34-231.el9_7.10.src.rpm
    repoid: ubi-9-for-ppc64le-baseos-source-rpms
    size: 20264991
    checksum: sha256:d91fd4821e3e725d15f7f10d0157d6ea43554d492fce5cb2ea993d0a9f8394ad
    name: glibc
    evr: 2.34-231.el9_7.10
  - url: https://cdn-ubi.redhat.com/content/public/ubi/dist/ubi9/9/ppc64le/baseos/source/SRPMS/Packages/n/ncurses-6.2-12.20210508.el9.src.rpm
    repoid: ubi-9-for-ppc64le-baseos-source-rpms
    size: 3586993
    checksum: sha256:cdb59ed3771a3a4f00e2ffca853f2de4aa887e3d5c3655317f2e2c03f461103f
    name: ncurses
    evr: 6.2-12.20210508.el9
  - url: https://cdn-ubi.redhat.com/content/public/ubi/dist/ubi9/9/ppc64le/baseos/source/SRPMS/Packages/r/redhat-release-9.7-0.7.el9.src.rpm
    repoid: ubi-9-for-ppc64le-baseos-source-rpms
    size: 75404
    checksum: sha256:ac6df52dac22d50a33034b4f3f4ca3d96e48def06960b9a84ec2c8f741c08f84
    name: redhat-release
    evr: 9.7-0.7.el9
  - url: https://cdn-ubi.redhat.com/content/public/ubi/dist/ubi9/9/ppc64le/baseos/source/SRPMS/Packages/s/setup-2.13.7-10.el9.src.rpm
    repoid: ubi-9-for-ppc64le-baseos-source-rpms
    size: 195940
    checksum: sha256:3acdbbd63bd77dd8b18210b9d597bd59ddf455ff728067638c54194ac3a8a32b
    name: setup
    evr: 2.13.7-10.el9
  - url: https://cdn-ubi.redhat.com/content/public/ubi/dist/ubi9/9/ppc64le/baseos/source/SRPMS/Packages/t/tzdata-2026a-1.el9.src.rpm
    repoid: ubi-9-for-ppc64le-baseos-source-rpms
    size: 926120
    checksum: sha256:ea2ccdcff55d1c69f2a9a1b6eabade4fca1af23703c2baefaa1e3f6b8f74bc1b
    name: tzdata
    evr: 2026a-1.el9
  module_metadata: []
- arch: s390x
  packages:
  - url: https://cdn-ubi.redhat.com/content/public/ubi/dist/ubi9/9/s390x/appstream/os/Packages/o/openblas-0.3.29-1.el9.s390x.rpm
    repoid: ubi-9-for-s390x-appstream-rpms
    size: 43113
    checksum: sha256:5e6b0c6d1e1ee4c7a5e6ca078137e9561106fbb540798f077418d55f7425f6e4
    name: openblas
    evr: 0.3.29-1.el9
    sourcerpm: openblas-0.3.29-1.el9.src.rpm
  - url: https://cdn-ubi.redhat.com/content/public/ubi/dist/ubi9/9/s390x/baseos/os/Packages/b/basesystem-11-13.el9.noarch.rpm
    repoid: ubi-9-for-s390x-baseos-rpms
    size: 8229
    checksum: sha256:f498b0813fa1a825d550e8e3a9e42255eabfa18e6fc96adfc6cc8fa7e16dd513
    name: basesystem
    evr: 11-13.el9
    sourcerpm: basesystem-11-13.el9.src.rpm
  - url: https://cdn-ubi.redhat.com/content/public/ubi/dist/ubi9/9/s390x/baseos/os/Packages/b/bash-5.1.8-9.el9.s390x.rpm
    repoid: ubi-9-for-s390x-baseos-rpms
    size: 1757781
    checksum: sha256:18754c45f7586239508e9c6160ff42999eb326314d3e3adc5d54cc3661912da3
    name: bash
    evr: 5.1.8-9.el9
    sourcerpm: bash-5.1.8-9.el9.src.rpm
  - url: https://cdn-ubi.redhat.com/content/public/ubi/dist/ubi9/9/s390x/baseos/os/Packages/f/filesystem-3.16-5.el9.s390x.rpm
    repoid: ubi-9-for-s390x-baseos-rpms
    size: 5003897
    checksum: sha256:80e6764c9041b5abfb955f5b86b6c73f0305eb54b92ac7a11537729047470167
    name: filesystem
    evr: 3.16-5.el9
    sourcerpm: filesystem-3.16-5.el9.src.rpm
  - url: https://cdn-ubi.redhat.com/content/public/ubi/dist/ubi9/9/s390x/baseos/os/Packages/g/glibc-2.34-231.el9_7.10.s390x.rpm
    repoid: ubi-9-for-s390x-baseos-rpms
    size: 1792177
    checksum: sha256:16bf784842724127ae692801bdcc42db906843f02914178f55944b80ca42c4bf
    name: glibc
    evr: 2.34-231.el9_7.10
    sourcerpm: glibc-2.34-231.el9_7.10.src.rpm
  - url: https://cdn-ubi.redhat.com/content/public/ubi/dist/ubi9/9/s390x/baseos/os/Packages/g/glibc-common-2.34-231.el9_7.10.s390x.rpm
    repoid: ubi-9-for-s390x-baseos-rpms
    size: 323956
    checksum: sha256:607fa9dbb32ca12910b10db8120a599e11718dc35734cb98e42bc07ca6dfa0fa
    name: glibc-common
    evr: 2.34-231.el9_7.10
    sourcerpm: glibc-2.34-231.el9_7.10.src.rpm
  - url: https://cdn-ubi.redhat.com/content/public/ubi/dist/ubi9/9/s390x/baseos/os/Packages/g/glibc-minimal-langpack-2.34-231.el9_7.10.s390x.rpm
    repoid: ubi-9-for-s390x-baseos-rpms
    size: 28377
    checksum: sha256:1de4d803dc1791a819dbe4935cb59ae5c7f0964172ede5cd96226ef151fe6ab2
    name: glibc-minimal-langpack
    evr: 2.34-231.el9_7.10
    sourcerpm: glibc-2.34-231.el9_7.10.src.rpm
  - url: https://cdn-ubi.redhat.com/content/public/ubi/dist/ubi9/9/s390x/baseos/os/Packages/l/libgcc-11.5.0-11.el9.s390x.rpm
    repoid: ubi-9-for-s390x-baseos-rpms
    size: 68886
    checksum: sha256:021a3fd375e9a0c66bbf6038f24a49f74ef7e045f79af8b6a3feeaebe80839b0
    name: libgcc
    evr: 11.5.0-11.el9
    sourcerpm: gcc-11.5.0-11.el9.src.rpm
  - url: https://cdn-ubi.redhat.com/content/public/ubi/dist/ubi9/9/s390x/baseos/os/Packages/l/libgfortran-11.5.0-11.el9.s390x.rpm
    repoid: ubi-9-for-s390x-baseos-rpms
    size: 491896
    checksum: sha256:1798edc2c23d6c50567eacc37038a23d352ad66a723bc812f069b7ff8ac6d773
    name: libgfortran
    evr: 11.5.0-11.el9
    sourcerpm: gcc-11.5.0-11.el9.src.rpm
  - url: https://cdn-ubi.redhat.com/content/public/ubi/dist/ubi9/9/s390x/baseos/os/Packages/n/ncurses-base-6.2-12.20210508.el9.noarch.rpm
    repoid: ubi-9-for-s390x-baseos-rpms
    size: 97840
    checksum: sha256:d62dfd41f9688efa2cf1ceedb96084c63e297fbdcfd1e72bc6757c730092b60c
    name: ncurses-base
    evr: 6.2-12.20210508.el9
    sourcerpm: ncurses-6.2-12.20210508.el9.src.rpm
  - url: https://cdn-ubi.redhat.com/content/public/ubi/dist/ubi9/9/s390x/baseos/os/Packages/n/ncurses-libs-6.2-12.20210508.el9.s390x.rpm
    repoid: ubi-9-for-s390x-baseos-rpms
    size: 328527
    checksum: sha256:605ca8c9bd97831468dc77e14a6256e04284ec3df0cd7c1da114bfa8336a5e03
    name: ncurses-libs
    evr: 6.2-12.20210508.el9
    sourcerpm: ncurses-6.2-12.20210508.el9.src.rpm
  - url: https://cdn-ubi.redhat.com/content/public/ubi/dist/ubi9/9/s390x/baseos/os/Packages/r/redhat-release-9.7-0.7.el9.s390x.rpm
    repoid: ubi-9-for-s390x-baseos-rpms
    size: 54148
    checksum: sha256:97e78c277545de27297db3a24b8186f404169e232a06d55162661d0add392747
    name: redhat-release
    evr: 9.7-0.7.el9
    sourcerpm: redhat-release-9.7-0.7.el9.src.rpm
  - url: https://cdn-ubi.redhat.com/content/public/ubi/dist/ubi9/9/s390x/baseos/os/Packages/s/setup-2.13.7-10.el9.noarch.rpm
    repoid: ubi-9-for-s390x-baseos-rpms
    size: 153791
    checksum: sha256:0891d395ce067121c28932534237ad1ce231f2bfa987411ad62e73a12d11eb6a
    name: setup
    evr: 2.13.7-10.el9
    sourcerpm: setup-2.13.7-10.el9.src.rpm
  - url: https://cdn-ubi.redhat.com/content/public/ubi/dist/ubi9/9/s390x/baseos/os/Packages/t/tzdata-2026a-1.el9.noarch.rpm
    repoid: ubi-9-for-s390x-baseos-rpms
    size: 933237
    checksum: sha256:90bc7252dcef87507a6dc097763894d264544b42c77ce67696192db2bcc8cd07
    name: tzdata
    evr: 2026a-1.el9
    sourcerpm: tzdata-2026a-1.el9.src.rpm
  - url: https://cdn-ubi.redhat.com/content/public/ubi/dist/ubi9/9/s390x/codeready-builder/os/Packages/o/openblas-threads-0.3.29-1.el9.s390x.rpm
    repoid: codeready-builder-for-ubi-9-s390x-rpms
    size: 3638809
    checksum: sha256:087bbc6664c20b1e1074633ab5c06ded6f02f48ddc2e3568c8770ef719544e90
    name: openblas-threads
    evr: 0.3.29-1.el9
    sourcerpm: openblas-0.3.29-1.el9.src.rpm
  source:
  - url: https://cdn-ubi.redhat.com/content/public/ubi/dist/ubi9/9/s390x/appstream/source/SRPMS/Packages/o/openblas-0.3.29-1.el9.src.rpm
    repoid: ubi-9-for-s390x-appstream-source-rpms
    size: 23777279
    checksum: sha256:4a1fd34e0b3bf712dc3810823ec4c57df6806c6110d30d160ffc91face8f80bd
    name: openblas
    evr: 0.3.29-1.el9
  - url: https://cdn-ubi.redhat.com/content/public/ubi/dist/ubi9/9/s390x/baseos/source/SRPMS/Packages/b/basesystem-11-13.el9.src.rpm
    repoid: ubi-9-for-s390x-baseos-source-rpms
    size: 9884
    checksum: sha256:5a4ed0779fc06f08115d6e06aa95486f1e1e251f8f9ddb6c7e14e811bb2e24ef
    name: basesystem
    evr: 11-13.el9
  - url: https://cdn-ubi.redhat.com/content/public/ubi/dist/ubi9/9/s390x/baseos/source/SRPMS/Packages/b/bash-5.1.8-9.el9.src.rpm
    repoid: ubi-9-for-s390x-baseos-source-rpms
    size: 10512850
    checksum: sha256:5d7bbbf2538361be1a11846602862c3a56809b3ea43b69b86bcf407538e9e260
    name: bash
    evr: 5.1.8-9.el9
  - url: https://cdn-ubi.redhat.com/content/public/ubi/dist/ubi9/9/s390x/baseos/source/SRPMS/Packages/f/filesystem-3.16-5.el9.src.rpm
    repoid: ubi-9-for-s390x-baseos-source-rpms
    size: 20486
    checksum: sha256:c795690df30c46e521372e2f649c995a2abc159b76c8ef6cd5da8a713ea17937
    name: filesystem
    evr: 3.16-5.el9
  - url: https://cdn-ubi.redhat.com/content/public/ubi/dist/ubi9/9/s390x/baseos/source/SRPMS/Packages/g/gcc-11.5.0-11.el9.src.rpm
    repoid: ubi-9-for-s390x-baseos-source-rpms
    size: 81971986
    checksum: sha256:4ab595dc52e7a66f9cb067e55081e9ba4e2cb577187cf1ac9a2e92e07c295560
    name: gcc
    evr: 11.5.0-11.el9
  - url: https://cdn-ubi.redhat.com/content/public/ubi/dist/ubi9/9/s390x/baseos/source/SRPMS/Packages/g/glibc-2.34-231.el9_7.10.src.rpm
    repoid: ubi-9-for-s390x-baseos-source-rpms
    size: 20264991
    checksum: sha256:d91fd4821e3e725d15f7f10d0157d6ea43554d492fce5cb2ea993d0a9f8394ad
    name: glibc
    evr: 2.34-231.el9_7.10
  - url: https://cdn-ubi.redhat.com/content/public/ubi/dist/ubi9/9/s390x/baseos/source/SRPMS/Packages/n/ncurses-6.2-12.20210508.el9.src.rpm
    repoid: ubi-9-for-s390x-baseos-source-rpms
    size: 3586993
    checksum: sha256:cdb59ed3771a3a4f00e2ffca853f2de4aa887e3d5c3655317f2e2c03f461103f
    name: ncurses
    evr: 6.2-12.20210508.el9
  - url: https://cdn-ubi.redhat.com/content/public/ubi/dist/ubi9/9/s390x/baseos/source/SRPMS/Packages/r/redhat-release-9.7-0.7.el9.src.rpm
    repoid: ubi-9-for-s390x-baseos-source-rpms
    size: 75404
    checksum: sha256:ac6df52dac22d50a33034b4f3f4ca3d96e48def06960b9a84ec2c8f741c08f84
    name: redhat-release
    evr: 9.7-0.7.el9
  - url: https://cdn-ubi.redhat.com/content/public/ubi/dist/ubi9/9/s390x/baseos/source/SRPMS/Packages/s/setup-2.13.7-10.el9.src.rpm
    repoid: ubi-9-for-s390x-baseos-source-rpms
    size: 195940
    checksum: sha256:3acdbbd63bd77dd8b18210b9d597bd59ddf455ff728067638c54194ac3a8a32b
    name: setup
    evr: 2.13.7-10.el9
  - url: https://cdn-ubi.redhat.com/content/public/ubi/dist/ubi9/9/s390x/baseos/source/SRPMS/Packages/t/tzdata-2026a-1.el9.src.rpm
    repoid: ubi-9-for-s390x-baseos-source-rpms
    size: 926120
    checksum: sha256:ea2ccdcff55d1c69f2a9a1b6eabade4fca1af23703c2baefaa1e3f6b8f74bc1b
    name: tzdata
    evr: 2026a-1.el9
  module_metadata: []
- arch: x86_64
  packages:
  - url: https://cdn-ubi.redhat.com/content/public/ubi/dist/ubi9/9/x86_64/appstream/os/Packages/o/openblas-0.3.29-1.el9.x86_64.rpm
    repoid: ubi-9-for-x86_64-appstream-rpms
    size: 43115
    checksum: sha256:8e0936be32a50acb14286520fa8334b9f2d89bae1d6ae0c2ca6f4ddbe931beab
    name: openblas
    evr: 0.3.29-1.el9
    sourcerpm: openblas-0.3.29-1.el9.src.rpm
  - url: https://cdn-ubi.redhat.com/content/public/ubi/dist/ubi9/9/x86_64/baseos/os/Packages/b/basesystem-11-13.el9.noarch.rpm
    repoid: ubi-9-for-x86_64-baseos-rpms
    size: 8229
    checksum: sha256:f498b0813fa1a825d550e8e3a9e42255eabfa18e6fc96adfc6cc8fa7e16dd513
    name: basesystem
    evr: 11-13.el9
    sourcerpm: basesystem-11-13.el9.src.rpm
  - url: https://cdn-ubi.redhat.com/content/public/ubi/dist/ubi9/9/x86_64/baseos/os/Packages/b/bash-5.1.8-9.el9.x86_64.rpm
    repoid: ubi-9-for-x86_64-baseos-rpms
    size: 1769540
    checksum: sha256:d3adf8b09aa0bf935c67aa12444e0ee02f70a82c2682bfb2b02bda0a989bb806
    name: bash
    evr: 5.1.8-9.el9
    sourcerpm: bash-5.1.8-9.el9.src.rpm
  - url: https://cdn-ubi.redhat.com/content/public/ubi/dist/ubi9/9/x86_64/baseos/os/Packages/f/filesystem-3.16-5.el9.x86_64.rpm
    repoid: ubi-9-for-x86_64-baseos-rpms
    size: 5003807
    checksum: sha256:9567592e6e32a9ebd45584cc4feb5d00812f143fcb2d8cd8b1d95108f4f66a2d
    name: filesystem
    evr: 3.16-5.el9
    sourcerpm: filesystem-3.16-5.el9.src.rpm
  - url: https://cdn-ubi.redhat.com/content/public/ubi/dist/ubi9/9/x86_64/baseos/os/Packages/g/glibc-2.34-231.el9_7.10.x86_64.rpm
    repoid: ubi-9-for-x86_64-baseos-rpms
    size: 2079929
    checksum: sha256:a579dd638fca8d9829b33988592df76199233297eb68a19d7e0e3d13775f8d54
    name: glibc
    evr: 2.34-231.el9_7.10
    sourcerpm: glibc-2.34-231.el9_7.10.src.rpm
  - url: https://cdn-ubi.redhat.com/content/public/ubi/dist/ubi9/9/x86_64/baseos/os/Packages/g/glibc-common-2.34-231.el9_7.10.x86_64.rpm
    repoid: ubi-9-for-x86_64-baseos-rpms
    size: 319966
    checksum: sha256:fec3c305983e64fbb6150a61e6591f743542e44908a6c6c7b50e9c39d6ebed1a
    name: glibc-common
    evr: 2.34-231.el9_7.10
    sourcerpm: glibc-2.34-231.el9_7.10.src.rpm
  - url: https://cdn-ubi.redhat.com/content/public/ubi/dist/ubi9/9/x86_64/baseos/os/Packages/g/glibc-minimal-langpack-2.34-231.el9_7.10.x86_64.rpm
    repoid: ubi-9-for-x86_64-baseos-rpms
    size: 28397
    checksum: sha256:ec2bee0afbe9f360b4ac23655b42daaf2c30f4c276d5c82090cb6fe5cbab3e1c
    name: glibc-minimal-langpack
    evr: 2.34-231.el9_7.10
    sourcerpm: glibc-2.34-231.el9_7.10.src.rpm
  - url: https://cdn-ubi.redhat.com/content/public/ubi/dist/ubi9/9/x86_64/baseos/os/Packages/l/libgcc-11.5.0-11.el9.x86_64.rpm
    repoid: ubi-9-for-x86_64-baseos-rpms
    size: 87015
    checksum: sha256:356a49e90f3f0196e94348f4820e5282ac126f2885ac21640d989cdd76240bec
    name: libgcc
    evr: 11.5.0-11.el9
    sourcerpm: gcc-11.5.0-11.el9.src.rpm
  - url: https://cdn-ubi.redhat.com/content/public/ubi/dist/ubi9/9/x86_64/baseos/os/Packages/l/libgfortran-11.5.0-11.el9.x86_64.rpm
    repoid: ubi-9-for-x86_64-baseos-rpms
    size: 813149
    checksum: sha256:0e7efd7cbcb12a658769269a0f70cfc2b5103375cc9e819b7163c4a6e76d0640
    name: libgfortran
    evr: 11.5.0-11.el9
    sourcerpm: gcc-11.5.0-11.el9.src.rpm
  - url: https://cdn-ubi.redhat.com/content/public/ubi/dist/ubi9/9/x86_64/baseos/os/Packages/l/libquadmath-11.5.0-11.el9.x86_64.rpm
    repoid: ubi-9-for-x86_64-baseos-rpms
    size: 188641
    checksum: sha256:972827dde378d28151b9036709795a1c0e81106c10c9218e42686488acd7365e
    name: libquadmath
    evr: 11.5.0-11.el9
    sourcerpm: gcc-11.5.0-11.el9.src.rpm
  - url: https://cdn-ubi.redhat.com/content/public/ubi/dist/ubi9/9/x86_64/baseos/os/Packages/n/ncurses-base-6.2-12.20210508.el9.noarch.rpm
    repoid: ubi-9-for-x86_64-baseos-rpms
    size: 97840
    checksum: sha256:d62dfd41f9688efa2cf1ceedb96084c63e297fbdcfd1e72bc6757c730092b60c
    name: ncurses-base
    evr: 6.2-12.20210508.el9
    sourcerpm: ncurses-6.2-12.20210508.el9.src.rpm
  - url: https://cdn-ubi.redhat.com/content/public/ubi/dist/ubi9/9/x86_64/baseos/os/Packages/n/ncurses-libs-6.2-12.20210508.el9.x86_64.rpm
    repoid: ubi-9-for-x86_64-baseos-rpms
    size: 336270
    checksum: sha256:f3e1f8e59c7116278aa19b6705a1443f6307d4d6fbdde75a23d2f5d60636cb16
    name: ncurses-libs
    evr: 6.2-12.20210508.el9
    sourcerpm: ncurses-6.2-12.20210508.el9.src.rpm
  - url: https://cdn-ubi.redhat.com/content/public/ubi/dist/ubi9/9/x86_64/baseos/os/Packages/r/redhat-release-9.7-0.7.el9.x86_64.rpm
    repoid: ubi-9-for-x86_64-baseos-rpms
    size: 54160
    checksum: sha256:3327891678227a80a87f10b3e0da11cac2991311660113822008b353b8a3335f
    name: redhat-release
    evr: 9.7-0.7.el9
    sourcerpm: redhat-release-9.7-0.7.el9.src.rpm
  - url: https://cdn-ubi.redhat.com/content/public/ubi/dist/ubi9/9/x86_64/baseos/os/Packages/s/setup-2.13.7-10.el9.noarch.rpm
    repoid: ubi-9-for-x86_64-baseos-rpms
    size: 153791
    checksum: sha256:0891d395ce067121c28932534237ad1ce231f2bfa987411ad62e73a12d11eb6a
    name: setup
    evr: 2.13.7-10.el9
    sourcerpm: setup-2.13.7-10.el9.src.rpm
  - url: https://cdn-ubi.redhat.com/content/public/ubi/dist/ubi9/9/x86_64/baseos/os/Packages/t/tzdata-2026a-1.el9.noarch.rpm
    repoid: ubi-9-for-x86_64-baseos-rpms
    size: 933237
    checksum: sha256:90bc7252dcef87507a6dc097763894d264544b42c77ce67696192db2bcc8cd07
    name: tzdata
    evr: 2026a-1.el9
    sourcerpm: tzdata-2026a-1.el9.src.rpm
  - url: https://cdn-ubi.redhat.com/content/public/ubi/dist/ubi9/9/x86_64/codeready-builder/os/Packages/o/openblas-threads-0.3.29-1.el9.x86_64.rpm
    repoid: codeready-builder-for-ubi-9-x86_64-rpms
    size: 5526706
    checksum: sha256:143aa15bdcd6ca40169a9e7c225604fa934907398e57dd7091853c55f648904c
    name: openblas-threads
    evr: 0.3.29-1.el9
    sourcerpm: openblas-0.3.29-1.el9.src.rpm
  source:
  - url: https://cdn-ubi.redhat.com/content/public/ubi/dist/ubi9/9/x86_64/appstream/source/SRPMS/Packages/o/openblas-0.3.29-1.el9.src.rpm
    repoid: ubi-9-for-x86_64-appstream-source-rpms
    size: 23777279
    checksum: sha256:4a1fd34e0b3bf712dc3810823ec4c57df6806c6110d30d160ffc91face8f80bd
    name: openblas
    evr: 0.3.29-1.el9
  - url: https://cdn-ubi.redhat.com/content/public/ubi/dist/ubi9/9/x86_64/baseos/source/SRPMS/Packages/b/basesystem-11-13.el9.src.rpm
    repoid: ubi-9-for-x86_64-baseos-source-rpms
    size: 9884
    checksum: sha256:5a4ed0779fc06f08115d6e06aa95486f1e1e251f8f9ddb6c7e14e811bb2e24ef
    name: basesystem
    evr: 11-13.el9
  - url: https://cdn-ubi.redhat.com/content/public/ubi/dist/ubi9/9/x86_64/baseos/source/SRPMS/Packages/b/bash-5.1.8-9.el9.src.rpm
    repoid: ubi-9-for-x86_64-baseos-source-rpms
    size: 10512850
    checksum: sha256:5d7bbbf2538361be1a11846602862c3a56809b3ea43b69b86bcf407538e9e260
    name: bash
    evr: 5.1.8-9.el9
  - url: https://cdn-ubi.redhat.com/content/public/ubi/dist/ubi9/9/x86_64/baseos/source/SRPMS/Packages/f/filesystem-3.16-5.el9.src.rpm
    repoid: ubi-9-for-x86_64-baseos-source-rpms
    size: 20486
    checksum: sha256:c795690df30c46e521372e2f649c995a2abc159b76c8ef6cd5da8a713ea17937
    name: filesystem
    evr: 3.16-5.el9
  - url: https://cdn-ubi.redhat.com/content/public/ubi/dist/ubi9/9/x86_64/baseos/source/SRPMS/Packages/g/gcc-11.5.0-11.el9.src.rpm
    repoid: ubi-9-for-x86_64-baseos-source-rpms
    size: 81971986
    checksum: sha256:4ab595dc52e7a66f9cb067e55081e9ba4e2cb577187cf1ac9a2e92e07c295560
    name: gcc
    evr: 11.5.0-11.el9
  - url: https://cdn-ubi.redhat.com/content/public/ubi/dist/ubi9/9/x86_64/baseos/source/SRPMS/Packages/g/glibc-2.34-231.el9_7.10.src.rpm
    repoid: ubi-9-for-x86_64-baseos-source-rpms
    size: 20264991
    checksum: sha256:d91fd4821e3e725d15f7f10d0157d6ea43554d492fce5cb2ea993d0a9f8394ad
    name: glibc
    evr: 2.34-231.el9_7.10
  - url: https://cdn-ubi.redhat.com/content/public/ubi/dist/ubi9/9/x86_64/baseos/source/SRPMS/Packages/n/ncurses-6.2-12.20210508.el9.src.rpm
    repoid: ubi-9-for-x86_64-baseos-source-rpms
    size: 3586993
    checksum: sha256:cdb59ed3771a3a4f00e2ffca853f2de4aa887e3d5c3655317f2e2c03f461103f
    name: ncurses
    evr: 6.2-12.20210508.el9
  - url: https://cdn-ubi.redhat.com/content/public/ubi/dist/ubi9/9/x86_64/baseos/source/SRPMS/Packages/r/redhat-release-9.7-0.7.el9.src.rpm
    repoid: ubi-9-for-x86_64-baseos-source-rpms
    size: 75404
    checksum: sha256:ac6df52dac22d50a33034b4f3f4ca3d96e48def06960b9a84ec2c8f741c08f84
    name: redhat-release
    evr: 9.7-0.7.el9
  - url: https://cdn-ubi.redhat.com/content/public/ubi/dist/ubi9/9/x86_64/baseos/source/SRPMS/Packages/s/setup-2.13.7-10.el9.src.rpm
    repoid: ubi-9-for-x86_64-baseos-source-rpms
    size: 195940
    checksum: sha256:3acdbbd63bd77dd8b18210b9d597bd59ddf455ff728067638c54194ac3a8a32b
    name: setup
    evr: 2.13.7-10.el9
  - url: https://cdn-ubi.redhat.com/content/public/ubi/dist/ubi9/9/x86_64/baseos/source/SRPMS/Packages/t/tzdata-2026a-1.el9.src.rpm
    repoid: ubi-9-for-x86_64-baseos-source-rpms
    size: 926120
    checksum: sha256:ea2ccdcff55d1c69f2a9a1b6eabade4fca1af23703c2baefaa1e3f6b8f74bc1b
    name: tzdata
    evr: 2026a-1.el9
  module_metadata: []
